
Microsoft Visual Studio Solution File, Format Version 12.00
# Visual Studio Version 17
VisualStudioVersion = 17.10.35122.118
MinimumVisualStudioVersion = 10.0.40219.1
Project("{FAE04EC0-301F-11D3-BF4B-00C04F79EFBC}") = "批量启动工具", "批量启动工具.csproj", "{2B4C330F-6B1A-42AD-AE37-3CDD79040D4C}"
EndProject
Global
	GlobalSection(SolutionConfigurationPlatforms) = preSolution
		Debug|Any CPU = Debug|Any CPU
		Release|Any CPU = Release|Any CPU
	EndGlobalSection
	GlobalSection(ProjectConfigurationPlatforms) = postSolution
		{2B4C330F-6B1A-42AD-AE37-3CDD79040D4C}.Debug|Any CPU.ActiveCfg = Debug|Any CPU
		{2B4C330F-6B1A-42AD-AE37-3CDD79040D4C}.Debug|Any CPU.Build.0 = Debug|Any CPU
		{2B4C330F-6B1A-42AD-AE37-3CDD79040D4C}.Release|Any CPU.ActiveCfg = Release|Any CPU
		{2B4C330F-6B1A-42AD-AE37-3CDD79040D4C}.Release|Any CPU.Build.0 = Release|Any CPU
	EndGlobalSection
	GlobalSection(SolutionProperties) = preSolution
		HideSolutionNode = FALSE
	EndGlobalSection
	GlobalSection(ExtensibilityGlobals) = postSolution
		SolutionGuid = {00C0B00D-B354-4B4E-9AEB-196724E985E2}
	EndGlobalSection
EndGlobal
